
Microsoft Visual Studio Solution File, Format Version 12.00
# Visual Studio Version 16
VisualStudioVersion = 16.0.34301.259
MinimumVisualStudioVersion = 10.0.40219.1
Project("{FAE04EC0-301F-11D3-BF4B-00C04F79EFBC}") = "Disconnected_ADO1", "Disconnected_ADO1\Disconnected_ADO1.csproj", "{540BC9D6-EB02-409F-9852-37CEB1BBA03D}"
EndProject
Global
	GlobalSection(SolutionConfigurationPlatforms) = preSolution
		Debug|Any CPU = Debug|Any CPU
		Release|Any CPU = Release|Any CPU
	EndGlobalSection
	GlobalSection(ProjectConfigurationPlatforms) = postSolution
		{540BC9D6-EB02-409F-9852-37CEB1BBA03D}.Debug|Any CPU.ActiveCfg = Debug|Any CPU
		{540BC9D6-EB02-409F-9852-37CEB1BBA03D}.Debug|Any CPU.Build.0 = Debug|Any CPU
		{540BC9D6-EB02-409F-9852-37CEB1BBA03D}.Release|Any CPU.ActiveCfg = Release|Any CPU
		{540BC9D6-EB02-409F-9852-37CEB1BBA03D}.Release|Any CPU.Build.0 = Release|Any CPU
	EndGlobalSection
	GlobalSection(SolutionProperties) = preSolution
		HideSolutionNode = FALSE
	EndGlobalSection
	GlobalSection(ExtensibilityGlobals) = postSolution
		SolutionGuid = {968627FB-A879-44D7-905B-311C770A8804}
	EndGlobalSection
EndGlobal
