
Microsoft Visual Studio Solution File, Format Version 12.00
# Visual Studio Version 16
VisualStudioVersion = 16.0.34301.259
MinimumVisualStudioVersion = 10.0.40219.1
Project("{FAE04EC0-301F-11D3-BF4B-00C04F79EFBC}") = "CodeFirst", "CodeFirst\CodeFirst.csproj", "{7BCD2296-2688-47E5-B109-562DA483A765}"
EndProject
Global
	GlobalSection(SolutionConfigurationPlatforms) = preSolution
		Debug|Any CPU = Debug|Any CPU
		Release|Any CPU = Release|Any CPU
	EndGlobalSection
	GlobalSection(ProjectConfigurationPlatforms) = postSolution
		{7BCD2296-2688-47E5-B109-562DA483A765}.Debug|Any CPU.ActiveCfg = Debug|Any CPU
		{7BCD2296-2688-47E5-B109-562DA483A765}.Debug|Any CPU.Build.0 = Debug|Any CPU
		{7BCD2296-2688-47E5-B109-562DA483A765}.Release|Any CPU.ActiveCfg = Release|Any CPU
		{7BCD2296-2688-47E5-B109-562DA483A765}.Release|Any CPU.Build.0 = Release|Any CPU
	EndGlobalSection
	GlobalSection(SolutionProperties) = preSolution
		HideSolutionNode = FALSE
	EndGlobalSection
	GlobalSection(ExtensibilityGlobals) = postSolution
		SolutionGuid = {E3AA9331-FD05-4DA6-AF54-4D6D2B41AE49}
	EndGlobalSection
EndGlobal
