
Microsoft Visual Studio Solution File, Format Version 12.00
# Visual Studio Version 16
VisualStudioVersion = 16.0.34301.259
MinimumVisualStudioVersion = 10.0.40219.1
Project("{FAE04EC0-301F-11D3-BF4B-00C04F79EFBC}") = "Jsonprj", "Jsonprj\Jsonprj.csproj", "{A849842A-92B5-41C1-8B82-49F5CB17DE1A}"
EndProject
Global
	GlobalSection(SolutionConfigurationPlatforms) = preSolution
		Debug|Any CPU = Debug|Any CPU
		Release|Any CPU = Release|Any CPU
	EndGlobalSection
	GlobalSection(ProjectConfigurationPlatforms) = postSolution
		{A849842A-92B5-41C1-8B82-49F5CB17DE1A}.Debug|Any CPU.ActiveCfg = Debug|Any CPU
		{A849842A-92B5-41C1-8B82-49F5CB17DE1A}.Debug|Any CPU.Build.0 = Debug|Any CPU
		{A849842A-92B5-41C1-8B82-49F5CB17DE1A}.Release|Any CPU.ActiveCfg = Release|Any CPU
		{A849842A-92B5-41C1-8B82-49F5CB17DE1A}.Release|Any CPU.Build.0 = Release|Any CPU
	EndGlobalSection
	GlobalSection(SolutionProperties) = preSolution
		HideSolutionNode = FALSE
	EndGlobalSection
	GlobalSection(ExtensibilityGlobals) = postSolution
		SolutionGuid = {CC403F30-FFF4-4C52-9B42-30A5E48D3A4C}
	EndGlobalSection
EndGlobal
