
Microsoft Visual Studio Solution File, Format Version 12.00
# Visual Studio Version 16
VisualStudioVersion = 16.0.34301.259
MinimumVisualStudioVersion = 10.0.40219.1
Project("{FAE04EC0-301F-11D3-BF4B-00C04F79EFBC}") = "AbstractFcatoryPattern", "AbstractFcatoryPattern\AbstractFcatoryPattern.csproj", "{A19974FE-C444-4BF4-8FE6-C859BE617ED2}"
EndProject
Global
	GlobalSection(SolutionConfigurationPlatforms) = preSolution
		Debug|Any CPU = Debug|Any CPU
		Release|Any CPU = Release|Any CPU
	EndGlobalSection
	GlobalSection(ProjectConfigurationPlatforms) = postSolution
		{A19974FE-C444-4BF4-8FE6-C859BE617ED2}.Debug|Any CPU.ActiveCfg = Debug|Any CPU
		{A19974FE-C444-4BF4-8FE6-C859BE617ED2}.Debug|Any CPU.Build.0 = Debug|Any CPU
		{A19974FE-C444-4BF4-8FE6-C859BE617ED2}.Release|Any CPU.ActiveCfg = Release|Any CPU
		{A19974FE-C444-4BF4-8FE6-C859BE617ED2}.Release|Any CPU.Build.0 = Release|Any CPU
	EndGlobalSection
	GlobalSection(SolutionProperties) = preSolution
		HideSolutionNode = FALSE
	EndGlobalSection
	GlobalSection(ExtensibilityGlobals) = postSolution
		SolutionGuid = {D44EFC27-7393-40AB-A6DC-C766371356E0}
	EndGlobalSection
EndGlobal
