
Microsoft Visual Studio Solution File, Format Version 12.00
# Visual Studio Version 16
VisualStudioVersion = 16.0.34301.259
MinimumVisualStudioVersion = 10.0.40219.1
Project("{FAE04EC0-301F-11D3-BF4B-00C04F79EFBC}") = "HtmlHelpersprj", "HtmlHelpersprj\HtmlHelpersprj.csproj", "{F4B2053A-9CAF-4B85-8979-844839B9048B}"
EndProject
Global
	GlobalSection(SolutionConfigurationPlatforms) = preSolution
		Debug|Any CPU = Debug|Any CPU
		Release|Any CPU = Release|Any CPU
	EndGlobalSection
	GlobalSection(ProjectConfigurationPlatforms) = postSolution
		{F4B2053A-9CAF-4B85-8979-844839B9048B}.Debug|Any CPU.ActiveCfg = Debug|Any CPU
		{F4B2053A-9CAF-4B85-8979-844839B9048B}.Debug|Any CPU.Build.0 = Debug|Any CPU
		{F4B2053A-9CAF-4B85-8979-844839B9048B}.Release|Any CPU.ActiveCfg = Release|Any CPU
		{F4B2053A-9CAF-4B85-8979-844839B9048B}.Release|Any CPU.Build.0 = Release|Any CPU
	EndGlobalSection
	GlobalSection(SolutionProperties) = preSolution
		HideSolutionNode = FALSE
	EndGlobalSection
	GlobalSection(ExtensibilityGlobals) = postSolution
		SolutionGuid = {8C9668E9-A4BF-44EA-A833-A2A32938DAA6}
	EndGlobalSection
EndGlobal
