
Microsoft Visual Studio Solution File, Format Version 12.00
# Visual Studio Version 16
VisualStudioVersion = 16.0.34301.259
MinimumVisualStudioVersion = 10.0.40219.1
Project("{FAE04EC0-301F-11D3-BF4B-00C04F79EFBC}") = "Async_Controllers", "Async_Controllers\Async_Controllers.csproj", "{580A70A4-D35B-4A0B-831C-761157E4E456}"
EndProject
Global
	GlobalSection(SolutionConfigurationPlatforms) = preSolution
		Debug|Any CPU = Debug|Any CPU
		Release|Any CPU = Release|Any CPU
	EndGlobalSection
	GlobalSection(ProjectConfigurationPlatforms) = postSolution
		{580A70A4-D35B-4A0B-831C-761157E4E456}.Debug|Any CPU.ActiveCfg = Debug|Any CPU
		{580A70A4-D35B-4A0B-831C-761157E4E456}.Debug|Any CPU.Build.0 = Debug|Any CPU
		{580A70A4-D35B-4A0B-831C-761157E4E456}.Release|Any CPU.ActiveCfg = Release|Any CPU
		{580A70A4-D35B-4A0B-831C-761157E4E456}.Release|Any CPU.Build.0 = Release|Any CPU
	EndGlobalSection
	GlobalSection(SolutionProperties) = preSolution
		HideSolutionNode = FALSE
	EndGlobalSection
	GlobalSection(ExtensibilityGlobals) = postSolution
		SolutionGuid = {BC1323EE-2001-455D-95CC-92D682D6184A}
	EndGlobalSection
EndGlobal
