
Microsoft Visual Studio Solution File, Format Version 12.00
# Visual Studio Version 16
VisualStudioVersion = 16.0.34301.259
MinimumVisualStudioVersion = 10.0.40219.1
Project("{C9674DCB-5085-4A16-B785-4C70DD1589BD}") = "SSIS_Demo", "SSIS_Demo\SSIS_Demo.dtproj", "{0CA466D1-CBDE-420D-B5AC-C5F289DECF2C}"
EndProject
Global
	GlobalSection(SolutionConfigurationPlatforms) = preSolution
		Development|Default = Development|Default
	EndGlobalSection
	GlobalSection(ProjectConfigurationPlatforms) = postSolution
		{0CA466D1-CBDE-420D-B5AC-C5F289DECF2C}.Development|Default.ActiveCfg = Development
		{0CA466D1-CBDE-420D-B5AC-C5F289DECF2C}.Development|Default.Build.0 = Development
	EndGlobalSection
	GlobalSection(SolutionProperties) = preSolution
		HideSolutionNode = FALSE
	EndGlobalSection
	GlobalSection(ExtensibilityGlobals) = postSolution
		SolutionGuid = {1D3F7014-6C70-4A89-ABFE-D3293B9E5651}
	EndGlobalSection
EndGlobal
