
Microsoft Visual Studio Solution File, Format Version 12.00
# Visual Studio Version 16
VisualStudioVersion = 16.0.34301.259
MinimumVisualStudioVersion = 10.0.40219.1
Project("{FAE04EC0-301F-11D3-BF4B-00C04F79EFBC}") = "NunitTesting", "NunitTesting\NunitTesting.csproj", "{E5D3333C-6D2C-4587-9BF8-9FD04D7B6819}"
EndProject
Project("{FAE04EC0-301F-11D3-BF4B-00C04F79EFBC}") = "TestCases", "TestCases\TestCases.csproj", "{E4D7F423-7398-491E-BAB5-DAD00ABE1CB6}"
EndProject
Global
	GlobalSection(SolutionConfigurationPlatforms) = preSolution
		Debug|Any CPU = Debug|Any CPU
		Release|Any CPU = Release|Any CPU
	EndGlobalSection
	GlobalSection(ProjectConfigurationPlatforms) = postSolution
		{E5D3333C-6D2C-4587-9BF8-9FD04D7B6819}.Debug|Any CPU.ActiveCfg = Debug|Any CPU
		{E5D3333C-6D2C-4587-9BF8-9FD04D7B6819}.Debug|Any CPU.Build.0 = Debug|Any CPU
		{E5D3333C-6D2C-4587-9BF8-9FD04D7B6819}.Release|Any CPU.ActiveCfg = Release|Any CPU
		{E5D3333C-6D2C-4587-9BF8-9FD04D7B6819}.Release|Any CPU.Build.0 = Release|Any CPU
		{E4D7F423-7398-491E-BAB5-DAD00ABE1CB6}.Debug|Any CPU.ActiveCfg = Debug|Any CPU
		{E4D7F423-7398-491E-BAB5-DAD00ABE1CB6}.Debug|Any CPU.Build.0 = Debug|Any CPU
		{E4D7F423-7398-491E-BAB5-DAD00ABE1CB6}.Release|Any CPU.ActiveCfg = Release|Any CPU
		{E4D7F423-7398-491E-BAB5-DAD00ABE1CB6}.Release|Any CPU.Build.0 = Release|Any CPU
	EndGlobalSection
	GlobalSection(SolutionProperties) = preSolution
		HideSolutionNode = FALSE
	EndGlobalSection
	GlobalSection(ExtensibilityGlobals) = postSolution
		SolutionGuid = {46C6AFD2-708E-44A9-8AB1-618CFED10B47}
	EndGlobalSection
EndGlobal
