
Microsoft Visual Studio Solution File, Format Version 12.00
# Visual Studio Version 16
VisualStudioVersion = 16.0.34301.259
MinimumVisualStudioVersion = 10.0.40219.1
Project("{FAE04EC0-301F-11D3-BF4B-00C04F79EFBC}") = "WindowsFormsApp1", "WindowsFormsApp1\WindowsFormsApp1.csproj", "{A9E2C7D2-202B-466C-BDE8-916D053300CE}"
EndProject
Global
	GlobalSection(SolutionConfigurationPlatforms) = preSolution
		Debug|Any CPU = Debug|Any CPU
		Release|Any CPU = Release|Any CPU
	EndGlobalSection
	GlobalSection(ProjectConfigurationPlatforms) = postSolution
		{A9E2C7D2-202B-466C-BDE8-916D053300CE}.Debug|Any CPU.ActiveCfg = Debug|Any CPU
		{A9E2C7D2-202B-466C-BDE8-916D053300CE}.Debug|Any CPU.Build.0 = Debug|Any CPU
		{A9E2C7D2-202B-466C-BDE8-916D053300CE}.Release|Any CPU.ActiveCfg = Release|Any CPU
		{A9E2C7D2-202B-466C-BDE8-916D053300CE}.Release|Any CPU.Build.0 = Release|Any CPU
	EndGlobalSection
	GlobalSection(SolutionProperties) = preSolution
		HideSolutionNode = FALSE
	EndGlobalSection
	GlobalSection(ExtensibilityGlobals) = postSolution
		SolutionGuid = {D3742BC4-A0FE-472C-97CB-E6F78C39D227}
	EndGlobalSection
EndGlobal
