
Microsoft Visual Studio Solution File, Format Version 12.00
# Visual Studio Version 16
VisualStudioVersion = 16.0.34301.259
MinimumVisualStudioVersion = 10.0.40219.1
Project("{FAE04EC0-301F-11D3-BF4B-00C04F79EFBC}") = "ExceptionPrj", "ExceptionPrj\ExceptionPrj.csproj", "{92F33D46-834B-4D34-8295-93E827C39DE9}"
EndProject
Global
	GlobalSection(SolutionConfigurationPlatforms) = preSolution
		Debug|Any CPU = Debug|Any CPU
		Release|Any CPU = Release|Any CPU
	EndGlobalSection
	GlobalSection(ProjectConfigurationPlatforms) = postSolution
		{92F33D46-834B-4D34-8295-93E827C39DE9}.Debug|Any CPU.ActiveCfg = Debug|Any CPU
		{92F33D46-834B-4D34-8295-93E827C39DE9}.Debug|Any CPU.Build.0 = Debug|Any CPU
		{92F33D46-834B-4D34-8295-93E827C39DE9}.Release|Any CPU.ActiveCfg = Release|Any CPU
		{92F33D46-834B-4D34-8295-93E827C39DE9}.Release|Any CPU.Build.0 = Release|Any CPU
	EndGlobalSection
	GlobalSection(SolutionProperties) = preSolution
		HideSolutionNode = FALSE
	EndGlobalSection
	GlobalSection(ExtensibilityGlobals) = postSolution
		SolutionGuid = {E51E9ED2-3806-45B5-B489-5DBB0E4058D8}
	EndGlobalSection
EndGlobal
