
Microsoft Visual Studio Solution File, Format Version 12.00
# Visual Studio Version 16
VisualStudioVersion = 16.0.34301.259
MinimumVisualStudioVersion = 10.0.40219.1
Project("{FAE04EC0-301F-11D3-BF4B-00C04F79EFBC}") = "JsonPost_withAjax", "JsonPost_withAjax\JsonPost_withAjax.csproj", "{FC638C38-AD19-4469-A517-BAEA9D6CE31A}"
EndProject
Global
	GlobalSection(SolutionConfigurationPlatforms) = preSolution
		Debug|Any CPU = Debug|Any CPU
		Release|Any CPU = Release|Any CPU
	EndGlobalSection
	GlobalSection(ProjectConfigurationPlatforms) = postSolution
		{FC638C38-AD19-4469-A517-BAEA9D6CE31A}.Debug|Any CPU.ActiveCfg = Debug|Any CPU
		{FC638C38-AD19-4469-A517-BAEA9D6CE31A}.Debug|Any CPU.Build.0 = Debug|Any CPU
		{FC638C38-AD19-4469-A517-BAEA9D6CE31A}.Release|Any CPU.ActiveCfg = Release|Any CPU
		{FC638C38-AD19-4469-A517-BAEA9D6CE31A}.Release|Any CPU.Build.0 = Release|Any CPU
	EndGlobalSection
	GlobalSection(SolutionProperties) = preSolution
		HideSolutionNode = FALSE
	EndGlobalSection
	GlobalSection(ExtensibilityGlobals) = postSolution
		SolutionGuid = {115DE3E2-F93E-4E1B-85C4-DD28937EED7B}
	EndGlobalSection
EndGlobal
