
Microsoft Visual Studio Solution File, Format Version 12.00
# Visual Studio Version 16
VisualStudioVersion = 16.0.34301.259
MinimumVisualStudioVersion = 10.0.40219.1
Project("{FAE04EC0-301F-11D3-BF4B-00C04F79EFBC}") = "AttributeRoutingPrj", "AttributeRoutingPrj\AttributeRoutingPrj.csproj", "{F3E06FDD-CD52-4F5B-B563-08258F6EC892}"
EndProject
Global
	GlobalSection(SolutionConfigurationPlatforms) = preSolution
		Debug|Any CPU = Debug|Any CPU
		Release|Any CPU = Release|Any CPU
	EndGlobalSection
	GlobalSection(ProjectConfigurationPlatforms) = postSolution
		{F3E06FDD-CD52-4F5B-B563-08258F6EC892}.Debug|Any CPU.ActiveCfg = Debug|Any CPU
		{F3E06FDD-CD52-4F5B-B563-08258F6EC892}.Debug|Any CPU.Build.0 = Debug|Any CPU
		{F3E06FDD-CD52-4F5B-B563-08258F6EC892}.Release|Any CPU.ActiveCfg = Release|Any CPU
		{F3E06FDD-CD52-4F5B-B563-08258F6EC892}.Release|Any CPU.Build.0 = Release|Any CPU
	EndGlobalSection
	GlobalSection(SolutionProperties) = preSolution
		HideSolutionNode = FALSE
	EndGlobalSection
	GlobalSection(ExtensibilityGlobals) = postSolution
		SolutionGuid = {C7162E8C-B888-446E-8D86-B362BB86C060}
	EndGlobalSection
EndGlobal
