
Microsoft Visual Studio Solution File, Format Version 12.00
# Visual Studio Version 16
VisualStudioVersion = 16.0.34301.259
MinimumVisualStudioVersion = 10.0.40219.1
Project("{FAE04EC0-301F-11D3-BF4B-00C04F79EFBC}") = "MsTesting", "MsTesting\MsTesting.csproj", "{2E877651-9118-4315-990A-DBE9A1A981D8}"
EndProject
Project("{FAE04EC0-301F-11D3-BF4B-00C04F79EFBC}") = "TestCases", "TestCases\TestCases.csproj", "{20D1FB3E-5CCA-4AFE-B388-9B734A1FE53A}"
EndProject
Global
	GlobalSection(SolutionConfigurationPlatforms) = preSolution
		Debug|Any CPU = Debug|Any CPU
		Release|Any CPU = Release|Any CPU
	EndGlobalSection
	GlobalSection(ProjectConfigurationPlatforms) = postSolution
		{2E877651-9118-4315-990A-DBE9A1A981D8}.Debug|Any CPU.ActiveCfg = Debug|Any CPU
		{2E877651-9118-4315-990A-DBE9A1A981D8}.Debug|Any CPU.Build.0 = Debug|Any CPU
		{2E877651-9118-4315-990A-DBE9A1A981D8}.Release|Any CPU.ActiveCfg = Release|Any CPU
		{2E877651-9118-4315-990A-DBE9A1A981D8}.Release|Any CPU.Build.0 = Release|Any CPU
		{20D1FB3E-5CCA-4AFE-B388-9B734A1FE53A}.Debug|Any CPU.ActiveCfg = Debug|Any CPU
		{20D1FB3E-5CCA-4AFE-B388-9B734A1FE53A}.Debug|Any CPU.Build.0 = Debug|Any CPU
		{20D1FB3E-5CCA-4AFE-B388-9B734A1FE53A}.Release|Any CPU.ActiveCfg = Release|Any CPU
		{20D1FB3E-5CCA-4AFE-B388-9B734A1FE53A}.Release|Any CPU.Build.0 = Release|Any CPU
	EndGlobalSection
	GlobalSection(SolutionProperties) = preSolution
		HideSolutionNode = FALSE
	EndGlobalSection
	GlobalSection(ExtensibilityGlobals) = postSolution
		SolutionGuid = {8FFB6F83-438C-42CE-BC27-3AEDF3177398}
	EndGlobalSection
EndGlobal
