
Microsoft Visual Studio Solution File, Format Version 12.00
# Visual Studio Version 16
VisualStudioVersion = 16.0.34301.259
MinimumVisualStudioVersion = 10.0.40219.1
Project("{FAE04EC0-301F-11D3-BF4B-00C04F79EFBC}") = "Dotnet_Day8", "Dotnet_Day8\Dotnet_Day8.csproj", "{05003FAA-893F-4EA2-B791-F49E077AEC0B}"
EndProject
Global
	GlobalSection(SolutionConfigurationPlatforms) = preSolution
		Debug|Any CPU = Debug|Any CPU
		Release|Any CPU = Release|Any CPU
	EndGlobalSection
	GlobalSection(ProjectConfigurationPlatforms) = postSolution
		{05003FAA-893F-4EA2-B791-F49E077AEC0B}.Debug|Any CPU.ActiveCfg = Debug|Any CPU
		{05003FAA-893F-4EA2-B791-F49E077AEC0B}.Debug|Any CPU.Build.0 = Debug|Any CPU
		{05003FAA-893F-4EA2-B791-F49E077AEC0B}.Release|Any CPU.ActiveCfg = Release|Any CPU
		{05003FAA-893F-4EA2-B791-F49E077AEC0B}.Release|Any CPU.Build.0 = Release|Any CPU
	EndGlobalSection
	GlobalSection(SolutionProperties) = preSolution
		HideSolutionNode = FALSE
	EndGlobalSection
	GlobalSection(ExtensibilityGlobals) = postSolution
		SolutionGuid = {5C084FA6-44AF-45F4-85BC-32E2D3EDB77B}
	EndGlobalSection
EndGlobal
