
Microsoft Visual Studio Solution File, Format Version 12.00
# Visual Studio Version 16
VisualStudioVersion = 16.0.34301.259
MinimumVisualStudioVersion = 10.0.40219.1
Project("{FAE04EC0-301F-11D3-BF4B-00C04F79EFBC}") = "DIPattern_Unity", "DIPattern_Unity\DIPattern_Unity.csproj", "{11ABCFC7-62D9-4231-A33C-3DD2BE4E27EE}"
EndProject
Global
	GlobalSection(SolutionConfigurationPlatforms) = preSolution
		Debug|Any CPU = Debug|Any CPU
		Release|Any CPU = Release|Any CPU
	EndGlobalSection
	GlobalSection(ProjectConfigurationPlatforms) = postSolution
		{11ABCFC7-62D9-4231-A33C-3DD2BE4E27EE}.Debug|Any CPU.ActiveCfg = Debug|Any CPU
		{11ABCFC7-62D9-4231-A33C-3DD2BE4E27EE}.Debug|Any CPU.Build.0 = Debug|Any CPU
		{11ABCFC7-62D9-4231-A33C-3DD2BE4E27EE}.Release|Any CPU.ActiveCfg = Release|Any CPU
		{11ABCFC7-62D9-4231-A33C-3DD2BE4E27EE}.Release|Any CPU.Build.0 = Release|Any CPU
	EndGlobalSection
	GlobalSection(SolutionProperties) = preSolution
		HideSolutionNode = FALSE
	EndGlobalSection
	GlobalSection(ExtensibilityGlobals) = postSolution
		SolutionGuid = {02CABAB0-2CCF-4FE7-BEB6-C0360D6B192A}
	EndGlobalSection
EndGlobal
